
Microsoft Visual Studio Solution File, Format Version 12.00
# Visual Studio Version 17
VisualStudioVersion = 17.11.35222.181
MinimumVisualStudioVersion = 10.0.40219.1
Project("{FAE04EC0-301F-11D3-BF4B-00C04F79EFBC}") = "SistemaDeFidelidad", "SistemaDeFidelidad\SistemaDeFidelidad.csproj", "{745FD765-2AD5-4AA9-8A72-AB89D69025FF}"
EndProject
Global
	GlobalSection(SolutionConfigurationPlatforms) = preSolution
		Debug|Any CPU = Debug|Any CPU
		Release|Any CPU = Release|Any CPU
	EndGlobalSection
	GlobalSection(ProjectConfigurationPlatforms) = postSolution
		{745FD765-2AD5-4AA9-8A72-AB89D69025FF}.Debug|Any CPU.ActiveCfg = Debug|Any CPU
		{745FD765-2AD5-4AA9-8A72-AB89D69025FF}.Debug|Any CPU.Build.0 = Debug|Any CPU
		{745FD765-2AD5-4AA9-8A72-AB89D69025FF}.Release|Any CPU.ActiveCfg = Release|Any CPU
		{745FD765-2AD5-4AA9-8A72-AB89D69025FF}.Release|Any CPU.Build.0 = Release|Any CPU
	EndGlobalSection
	GlobalSection(SolutionProperties) = preSolution
		HideSolutionNode = FALSE
	EndGlobalSection
	GlobalSection(ExtensibilityGlobals) = postSolution
		SolutionGuid = {20D876C7-670F-4F8C-872F-7A2006DFD73E}
	EndGlobalSection
EndGlobal
